
Microsoft Visual Studio Solution File, Format Version 12.00
# Visual Studio Version 16
VisualStudioVersion = 16.0.30225.117
MinimumVisualStudioVersion = 10.0.40219.1
Project("{FAE04EC0-301F-11D3-BF4B-00C04F79EFBC}") = "ClientFeatures", "ClientFeatures\ClientFeatures.csproj", "{C37CE33D-E064-449D-98E8-546179B6A396}"
EndProject
Global
	GlobalSection(SolutionConfigurationPlatforms) = preSolution
		Debug|Any CPU = Debug|Any CPU
		Release|Any CPU = Release|Any CPU
	EndGlobalSection
	GlobalSection(ProjectConfigurationPlatforms) = postSolution
		{C37CE33D-E064-449D-98E8-546179B6A396}.Debug|Any CPU.ActiveCfg = Debug|Any CPU
		{C37CE33D-E064-449D-98E8-546179B6A396}.Debug|Any CPU.Build.0 = Debug|Any CPU
		{C37CE33D-E064-449D-98E8-546179B6A396}.Release|Any CPU.ActiveCfg = Release|Any CPU
		{C37CE33D-E064-449D-98E8-546179B6A396}.Release|Any CPU.Build.0 = Release|Any CPU
	EndGlobalSection
	GlobalSection(SolutionProperties) = preSolution
		HideSolutionNode = FALSE
	EndGlobalSection
	GlobalSection(ExtensibilityGlobals) = postSolution
		SolutionGuid = {A1A2DB90-3995-4F19-A936-F7687DB7CD38}
	EndGlobalSection
EndGlobal
