
Microsoft Visual Studio Solution File, Format Version 12.00
# Visual Studio Version 16
VisualStudioVersion = 16.0.30114.105
MinimumVisualStudioVersion = 10.0.40219.1
Project("{FAE04EC0-301F-11D3-BF4B-00C04F79EFBC}") = "ControllerExtensibility", "ControllerExtensibility\ControllerExtensibility.csproj", "{6A35074D-0789-482D-A910-6CA180E8DE0E}"
EndProject
Project("{FAE04EC0-301F-11D3-BF4B-00C04F79EFBC}") = "ControllerExtensibility.Tests", "ControllerExtensibility.Tests\ControllerExtensibility.Tests.csproj", "{2285ADB8-DFE2-4315-9A44-308392CD03CB}"
EndProject
Global
	GlobalSection(SolutionConfigurationPlatforms) = preSolution
		Debug|Any CPU = Debug|Any CPU
		Release|Any CPU = Release|Any CPU
	EndGlobalSection
	GlobalSection(ProjectConfigurationPlatforms) = postSolution
		{6A35074D-0789-482D-A910-6CA180E8DE0E}.Debug|Any CPU.ActiveCfg = Debug|Any CPU
		{6A35074D-0789-482D-A910-6CA180E8DE0E}.Debug|Any CPU.Build.0 = Debug|Any CPU
		{6A35074D-0789-482D-A910-6CA180E8DE0E}.Release|Any CPU.ActiveCfg = Release|Any CPU
		{6A35074D-0789-482D-A910-6CA180E8DE0E}.Release|Any CPU.Build.0 = Release|Any CPU
		{2285ADB8-DFE2-4315-9A44-308392CD03CB}.Debug|Any CPU.ActiveCfg = Debug|Any CPU
		{2285ADB8-DFE2-4315-9A44-308392CD03CB}.Debug|Any CPU.Build.0 = Debug|Any CPU
		{2285ADB8-DFE2-4315-9A44-308392CD03CB}.Release|Any CPU.ActiveCfg = Release|Any CPU
		{2285ADB8-DFE2-4315-9A44-308392CD03CB}.Release|Any CPU.Build.0 = Release|Any CPU
	EndGlobalSection
	GlobalSection(SolutionProperties) = preSolution
		HideSolutionNode = FALSE
	EndGlobalSection
	GlobalSection(ExtensibilityGlobals) = postSolution
		SolutionGuid = {567DE357-0DE4-4371-8E3A-2475BDFD135D}
	EndGlobalSection
EndGlobal
